PODS:
  - Adjust (4.23.2):
    - Adjust/Core (= 4.23.2)
  - Adjust/Core (4.23.2)
  - Alamofire (5.2.2)
  - AppAuth (1.4.0):
    - AppAuth/Core (= 1.4.0)
    - AppAuth/ExternalUserAgent (= 1.4.0)
  - AppAuth/Core (1.4.0)
  - AppAuth/ExternalUserAgent (1.4.0)
  - FBSDKCoreKit (8.0.0):
    - FBSDKCoreKit/Basics (= 8.0.0)
    - FBSDKCoreKit/Core (= 8.0.0)
  - FBSDKCoreKit/Basics (8.0.0)
  - FBSDKCoreKit/Core (8.0.0):
    - FBSDKCoreKit/Basics
  - FBSDKLoginKit (8.0.0):
    - FBSDKLoginKit/Login (= 8.0.0)
  - FBSDKLoginKit/Login (8.0.0):
    - FBSDKCoreKit (~> 8.0.0)
  - FBSDKShareKit (8.0.0):
    - FBSDKShareKit/Share (= 8.0.0)
  - FBSDKShareKit/Share (8.0.0):
    - FBSDKCoreKit (~> 8.0.0)
  - Firebase/Analytics (7.0.0):
    - Firebase/Core
  - Firebase/Auth (7.0.0):
    - Firebase/CoreOnly
    - FirebaseAuth (~> 7.0.0)
  - Firebase/Core (7.0.0):
    - Firebase/CoreOnly
    - FirebaseAnalytics (= 7.0.0)
  - Firebase/CoreOnly (7.0.0):
    - FirebaseCore (= 7.0.0)
  - Firebase/Crashlytics (7.0.0):
    - Firebase/CoreOnly
    - FirebaseCrashlytics (~> 7.0.0)
  - Firebase/Messaging (7.0.0):
    - Firebase/CoreOnly
    - FirebaseMessaging (~> 7.0.0)
  - FirebaseAnalytics (7.0.0):
    - FirebaseCore (~> 7.0)
    - FirebaseInstallations (~> 7.0)
    - GoogleAppMeasurement (= 7.0.0)
    - GoogleUtilities/AppDelegateSwizzler (~> 7.0)
    - GoogleUtilities/MethodSwizzler (~> 7.0)
    - GoogleUtilities/Network (~> 7.0)
    - "GoogleUtilities/NSData+zlib (~> 7.0)"
    - nanopb (~> 2.30906.0)
  - FirebaseAuth (7.0.0):
    - FirebaseCore (~> 7.0)
    - GoogleUtilities/AppDelegateSwizzler (~> 7.0)
    - GoogleUtilities/Environment (~> 7.0)
    - GTMSessionFetcher/Core (~> 1.4)
  - FirebaseCore (7.0.0):
    - FirebaseCoreDiagnostics (~> 7.0)
    - GoogleUtilities/Environment (~> 7.0)
    - GoogleUtilities/Logger (~> 7.0)
  - FirebaseCoreDiagnostics (7.0.0):
    - GoogleDataTransport (~> 8.0)
    - GoogleUtilities/Environment (~> 7.0)
    - GoogleUtilities/Logger (~> 7.0)
    - nanopb (~> 2.30906.0)
  - FirebaseCrashlytics (7.0.0):
    - FirebaseCore (~> 7.0)
    - FirebaseInstallations (~> 7.0)
    - GoogleDataTransport (~> 8.0)
    - nanopb (~> 2.30906.0)
    - PromisesObjC (~> 1.2)
  - FirebaseInstallations (7.0.0):
    - FirebaseCore (~> 7.0)
    - GoogleUtilities/Environment (~> 7.0)
    - GoogleUtilities/UserDefaults (~> 7.0)
    - PromisesObjC (~> 1.2)
  - FirebaseInstanceID (7.0.0):
    - FirebaseCore (~> 7.0)
    - FirebaseInstallations (~> 7.0)
    - GoogleUtilities/Environment (~> 7.0)
    - GoogleUtilities/UserDefaults (~> 7.0)
  - FirebaseMessaging (7.0.0):
    - FirebaseCore (~> 7.0)
    - FirebaseInstanceID (~> 7.0)
    - GoogleUtilities/AppDelegateSwizzler (~> 7.0)
    - GoogleUtilities/Environment (~> 7.0)
    - GoogleUtilities/Reachability (~> 7.0)
    - GoogleUtilities/UserDefaults (~> 7.0)
  - GoogleAppMeasurement (7.0.0):
    - GoogleUtilities/AppDelegateSwizzler (~> 7.0)
    - GoogleUtilities/MethodSwizzler (~> 7.0)
    - GoogleUtilities/Network (~> 7.0)
    - "GoogleUtilities/NSData+zlib (~> 7.0)"
    - nanopb (~> 2.30906.0)
  - GoogleDataTransport (8.0.0):
    - nanopb (~> 2.30906.0)
  - GoogleSignIn (5.0.2):
    - AppAuth (~> 1.2)
    - GTMAppAuth (~> 1.0)
    - GTMSessionFetcher/Core (~> 1.1)
  - GoogleUtilities/AppDelegateSwizzler (7.0.0):
    - GoogleUtilities/Environment
    - GoogleUtilities/Logger
    - GoogleUtilities/Network
  - GoogleUtilities/Environment (7.0.0):
    - PromisesObjC (~> 1.2)
  - GoogleUtilities/Logger (7.0.0):
    - GoogleUtilities/Environment
  - GoogleUtilities/MethodSwizzler (7.0.0):
    - GoogleUtilities/Logger
  - GoogleUtilities/Network (7.0.0):
    - GoogleUtilities/Logger
    - "GoogleUtilities/NSData+zlib"
    - GoogleUtilities/Reachability
  - "GoogleUtilities/NSData+zlib (7.0.0)"
  - GoogleUtilities/Reachability (7.0.0):
    - GoogleUtilities/Logger
  - GoogleUtilities/UserDefaults (7.0.0):
    - GoogleUtilities/Logger
  - GTMAppAuth (1.1.0):
    - AppAuth/Core (~> 1.4)
    - GTMSessionFetcher (~> 1.4)
  - GTMSessionFetcher (1.5.0):
    - GTMSessionFetcher/Full (= 1.5.0)
  - GTMSessionFetcher/Core (1.5.0)
  - GTMSessionFetcher/Full (1.5.0):
    - GTMSessionFetcher/Core (= 1.5.0)
  - HandyJSON (5.0.2)
  - IQKeyboardManager (6.5.6)
  - LineSDKSwift (5.7.0):
    - LineSDKSwift/Core (= 5.7.0)
  - LineSDKSwift/Core (5.7.0)
  - Moya (14.0.0):
    - Moya/Core (= 14.0.0)
  - Moya/Core (14.0.0):
    - Alamofire (~> 5.0)
  - nanopb (2.30906.0):
    - nanopb/decode (= 2.30906.0)
    - nanopb/encode (= 2.30906.0)
  - nanopb/decode (2.30906.0)
  - nanopb/encode (2.30906.0)
  - PromisesObjC (1.2.11)
  - Result (5.0.0)
  - RxCocoa (6.0.0-rc.1):
    - RxRelay (= 6.0.0-rc.1)
    - RxSwift (= 6.0.0-rc.1)
  - RxRelay (6.0.0-rc.1):
    - RxSwift (= 6.0.0-rc.1)
  - RxSwift (6.0.0-rc.1)
  - SnapKit (5.0.1)
  - SVProgressHUD (2.2.5)
  - TwitterCore (3.2.0)
  - TwitterKit5 (5.2.0):
    - TwitterCore (>= 3.1.0)
  - WGSDKJP (0.0.18):
    - Adjust (~> 4.23.0)
    - Alamofire (= 5.2.2)
    - FBSDKLoginKit
    - FBSDKShareKit
    - Firebase/Analytics
    - Firebase/Auth
    - Firebase/Crashlytics
    - Firebase/Messaging
    - GoogleSignIn
    - HandyJSON (= 5.0.2)
    - IQKeyboardManager
    - LineSDKSwift
    - Moya
    - Result
    - RxCocoa (= 6.0.0-rc.1)
    - RxSwift (= 6.0.0-rc.1)
    - SnapKit (= 5.0.1)
    - SVProgressHUD
    - TwitterKit5 (= 5.2.0)
    - ZLPhotoBrowser (= 4.0.5)
  - WGSDKJPUnity (0.0.1):
    - WGSDKJP (= 0.0.18)
  - ZLPhotoBrowser (4.0.5):
    - ZLPhotoBrowser/Core (= 4.0.5)
  - ZLPhotoBrowser/Core (4.0.5)

DEPENDENCIES:
  - WGSDKJPUnity (from `../`)

SPEC REPOS:
  trunk:
    - Adjust
    - Alamofire
    - AppAuth
    - FBSDKCoreKit
    - FBSDKLoginKit
    - FBSDKShareKit
    - Firebase
    - FirebaseAnalytics
    - FirebaseAuth
    - FirebaseCore
    - FirebaseCoreDiagnostics
    - FirebaseCrashlytics
    - FirebaseInstallations
    - FirebaseInstanceID
    - FirebaseMessaging
    - GoogleAppMeasurement
    - GoogleDataTransport
    - GoogleSignIn
    - GoogleUtilities
    - GTMAppAuth
    - GTMSessionFetcher
    - HandyJSON
    - IQKeyboardManager
    - LineSDKSwift
    - Moya
    - nanopb
    - PromisesObjC
    - Result
    - RxCocoa
    - RxRelay
    - RxSwift
    - SnapKit
    - SVProgressHUD
    - TwitterCore
    - TwitterKit5
    - WGSDKJP
    - ZLPhotoBrowser

EXTERNAL SOURCES:
  WGSDKJPUnity:
    :path: "../"

SPEC CHECKSUMS:
  Adjust: 2faf94752c2069c0bc68bc41c03d00175de4555f
  Alamofire: 814429acc853c6c54ff123fc3d2ef66803823ce0
  AppAuth: 31bcec809a638d7bd2f86ea8a52bd45f6e81e7c7
  FBSDKCoreKit: 9d27fe97a2fa2abe5eeefea8240e837623ab88e0
  FBSDKLoginKit: 2cbaf5405379731b22f2ebc224f7c30f62378171
  FBSDKShareKit: bf3705fc42b660c3da9f15223db791b3c9c2acde
  Firebase: 50be68416f50eb4eb2ecb0e78acab9a051ef95df
  FirebaseAnalytics: c1166b7990bae464c6436132510bb718c6680f80
  FirebaseAuth: 228dd0faa5b5263eaa8c63518b16faef438289a3
  FirebaseCore: cf3122185fce1cf71cedbbc498ea84d2b3e7cb69
  FirebaseCoreDiagnostics: 5f4aa04fdb04923693cc704c7ef9158bdf41a48b
  FirebaseCrashlytics: bd430b7323e8b49492a93e563e81899d0615f917
  FirebaseInstallations: c28d4bcbb5c6884d1a39afbc0bd7fc590e31e9b7
  FirebaseInstanceID: c03b49743725092f7eb9d4b96ff40efadd830426
  FirebaseMessaging: ecf9e04716b7ff1f1d92debab4d6f0e6bdb490aa
  GoogleAppMeasurement: 7790ef975d1d463c8614cd949a847e612edf087a
  GoogleDataTransport: 6ce8004a961db1b905740d7be106c61ba7e89c21
  GoogleSignIn: 7137d297ddc022a7e0aa4619c86d72c909fa7213
  GoogleUtilities: ffb2f4159f2c897c6e8992bd7fbcdef8a300589c
  GTMAppAuth: 197a8dabfea5d665224aa00d17f164fc2248dab9
  GTMSessionFetcher: b3503b20a988c4e20cc189aa798fd18220133f52
  HandyJSON: 9e4e236f5d2dbefad5155a77417bbea438201c03
  IQKeyboardManager: 2a6e97afdafc7becf0cb17a9a8d795e3a980717f
  LineSDKSwift: f9c232f89185b887b5725aa278325f3a23e33bbc
  Moya: 5b45dacb75adb009f97fde91c204c1e565d31916
  nanopb: 1bf24dd71191072e120b83dd02d08f3da0d65e53
  PromisesObjC: 8c196f5a328c2cba3e74624585467a557dcb482f
  Result: ed341d2f236af425b803e690e9bd8fd0a0cb7c5a
  RxCocoa: a28d75145c07b7547b85faf1e1ad8b25af88a752
  RxRelay: 56abad6d32f73567858506d08735fdb341935b9a
  RxSwift: dae1a32c48148897494b9e2a6b00a68b40694236
  SnapKit: 97b92857e3df3a0c71833cce143274bf6ef8e5eb
  SVProgressHUD: 1428aafac632c1f86f62aa4243ec12008d7a51d6
  TwitterCore: 8cbc9ad34d91c63a0035ea05bfbfc0d7ca72a28c
  TwitterKit5: 64095dfefcf39be2355711ef27112d55e340d90e
  WGSDKJP: 5bce74d51dbca74705fa5cbf7ffba31d5b9fb963
  WGSDKJPUnity: d9d8eb8efb7e2ed748de8f5dbca75657976b2c46
  ZLPhotoBrowser: cddbe3ea5dfb2ff0ae11bc77583cc077073f9e50

PODFILE CHECKSUM: f6fa78557ff2e25d24ede15b9b67905f68a3f609

COCOAPODS: 1.10.0
